# This file is autogenerated, do not edit; changes may be undone by the next 'dep ensure'.


[[projects]]
  name = "github.com/aws/aws-lambda-go"
  packages = ["events","lambda","lambda/handlertrace","lambda/messages","lambdacontext"]
  revision = "5d6413264f82afaa7587b56e3f09f1422c898c68"
  version = "v1.24.0"

[solve-meta]
  analyzer-name = "dep"
  analyzer-version = 1
  inputs-digest = "1d824a6429f89c276153547f37ad0a0966c5a1145f78e261bc129ca4b46c9a39"
  solver-name = "gps-cdcl"
  solver-version = 1
